
Microsoft Visual Studio Solution File, Format Version 12.00
# Visual Studio Version 17
VisualStudioVersion = 17.13.35828.75 d17.13
MinimumVisualStudioVersion = 10.0.40219.1
Project("{FAE04EC0-301F-11D3-BF4B-00C04F79EFBC}") = "CatalogApi", "CatalogApi\CatalogApi.csproj", "{5BA25817-DD05-4F18-A941-7CC5E68DD7C8}"
EndProject
Global
	GlobalSection(SolutionConfigurationPlatforms) = preSolution
		Debug|Any CPU = Debug|Any CPU
		Release|Any CPU = Release|Any CPU
	EndGlobalSection
	GlobalSection(ProjectConfigurationPlatforms) = postSolution
		{5BA25817-DD05-4F18-A941-7CC5E68DD7C8}.Debug|Any CPU.ActiveCfg = Debug|Any CPU
		{5BA25817-DD05-4F18-A941-7CC5E68DD7C8}.Debug|Any CPU.Build.0 = Debug|Any CPU
		{5BA25817-DD05-4F18-A941-7CC5E68DD7C8}.Release|Any CPU.ActiveCfg = Release|Any CPU
		{5BA25817-DD05-4F18-A941-7CC5E68DD7C8}.Release|Any CPU.Build.0 = Release|Any CPU
	EndGlobalSection
	GlobalSection(SolutionProperties) = preSolution
		HideSolutionNode = FALSE
	EndGlobalSection
	GlobalSection(ExtensibilityGlobals) = postSolution
		SolutionGuid = {1777C199-AB74-4E99-93F4-BAB65FA7AB8C}
	EndGlobalSection
EndGlobal
